// !$*UTF8*$!
{
	archiveVersion = 1;
	classes = {
	};
	objectVersion = 46;
	objects = {

/* Begin PBXFileReference section */
		D13758651EEB693E003ED792 /* Design Sessions */ = {isa = PBXFileReference; lastKnownFileType = folder; path = "Design Sessions"; sourceTree = "<group>"; };
		D13758661EEB693E003ED792 /* Keynote */ = {isa = PBXFileReference; lastKnownFileType = folder; path = Keynote; sourceTree = "<group>"; };
		D13758671EEB693E003ED792 /* LICENSE */ = {isa = PBXFileReference; lastKnownFileType = text; path = LICENSE; sourceTree = "<group>"; };
		D13758681EEB693E003ED792 /* README.md */ = {isa = PBXFileReference; lastKnownFileType = net.daringfireball.markdown; path = README.md; sourceTree = "<group>"; };
		D13758691EEB693E003ED792 /* Technical Sessions */ = {isa = PBXFileReference; lastKnownFileType = folder; path = "Technical Sessions"; sourceTree = "<group>"; };
/* End PBXFileReference section */

/* Begin PBXGroup section */
		D137585E1EEB688C003ED792 = {
			isa = PBXGroup;
			children = (
				D13758661EEB693E003ED792 /* Keynote */,
				D13758651EEB693E003ED792 /* Design Sessions */,
				D13758691EEB693E003ED792 /* Technical Sessions */,
				D13758681EEB693E003ED792 /* README.md */,
				D13758671EEB693E003ED792 /* LICENSE */,
			);
			sourceTree = "<group>";
		};
/* End PBXGroup section */

/* Begin PBXProject section */
		D137585F1EEB688C003ED792 /* Project object */ = {
			isa = PBXProject;
			attributes = {
				LastUpgradeCheck = 0830;
			};
			buildConfigurationList = D13758621EEB688C003ED792 /* Build configuration list for PBXProject "WWDC-Recap" */;
			compatibilityVersion = "Xcode 3.2";
			developmentRegion = English;
			hasScannedForEncodings = 0;
			knownRegions = (
				English,
				en,
			);
			mainGroup = D137585E1EEB688C003ED792;
			projectDirPath = "";
			projectRoot = "";
			targets = (
			);
		};
/* End PBXProject section */

/* Begin XCBuildConfiguration section */
		D13758631EEB688C003ED792 /* Debug */ = {
			isa = XCBuildConfiguration;
			buildSettings = {
			};
			name = Debug;
		};
		D13758641EEB688C003ED792 /* Release */ = {
			isa = XCBuildConfiguration;
			buildSettings = {
			};
			name = Release;
		};
/* End XCBuildConfiguration section */

/* Begin XCConfigurationList section */
		D13758621EEB688C003ED792 /* Build configuration list for PBXProject "WWDC-Recap" */ = {
			isa = XCConfigurationList;
			buildConfigurations = (
				D13758631EEB688C003ED792 /* Debug */,
				D13758641EEB688C003ED792 /* Release */,
			);
			defaultConfigurationIsVisible = 0;
			defaultConfigurationName = Release;
		};
/* End XCConfigurationList section */
	};
	rootObject = D137585F1EEB688C003ED792 /* Project object */;
}
